
Microsoft Visual Studio Solution File, Format Version 12.00
# Visual Studio 2012
Project("{FAE04EC0-301F-11D3-BF4B-00C04F79EFBC}") = "LibTessDotNet", "LibTessDotNet.csproj", "{5EE39029-873A-45A0-9259-2198BF8729F4}"
EndProject
Global
	GlobalSection(SolutionConfigurationPlatforms) = preSolution
		Debug|Any CPU = Debug|Any CPU
		Release|Any CPU = Release|Any CPU
		DebugDouble|Any CPU = DebugDouble|Any CPU
		ReleaseDouble|Any CPU = ReleaseDouble|Any CPU
	EndGlobalSection
	GlobalSection(ProjectConfigurationPlatforms) = postSolution
		{5EE39029-873A-45A0-9259-2198BF8729F4}.Debug|Any CPU.ActiveCfg = Debug|Any CPU
		{5EE39029-873A-45A0-9259-2198BF8729F4}.Debug|Any CPU.Build.0 = Debug|Any CPU
		{5EE39029-873A-45A0-9259-2198BF8729F4}.Release|Any CPU.ActiveCfg = Release|Any CPU
		{5EE39029-873A-45A0-9259-2198BF8729F4}.Release|Any CPU.Build.0 = Release|Any CPU
		{5EE39029-873A-45A0-9259-2198BF8729F4}.DebugDouble|Any CPU.ActiveCfg = DebugDouble|Any CPU
		{5EE39029-873A-45A0-9259-2198BF8729F4}.DebugDouble|Any CPU.Build.0 = DebugDouble|Any CPU
		{5EE39029-873A-45A0-9259-2198BF8729F4}.ReleaseDouble|Any CPU.ActiveCfg = ReleaseDouble|Any CPU
		{5EE39029-873A-45A0-9259-2198BF8729F4}.ReleaseDouble|Any CPU.Build.0 = ReleaseDouble|Any CPU
	EndGlobalSection
EndGlobal
