Microsoft Visual Studio Solution File, Format Version 12.00
# Visual Studio 15
VisualStudioVersion = 15.0.27004.2009
MinimumVisualStudioVersion = 10.0.40219.1
Project("{FAE04EC0-301F-11D3-BF4B-00C04F79EFBC}") = "linerider", "linerider.csproj", "{AB45D1B5-B29D-4792-9CA8-C7C11E33A447}"
EndProject
Project("{FAE04EC0-301F-11D3-BF4B-00C04F79EFBC}") = "Gwen", "..\lib\Gwen\Gwen.csproj", "{ADDA2F43-96C0-497F-8216-29C67ABC9806}"
EndProject
Project("{FAE04EC0-301F-11D3-BF4B-00C04F79EFBC}") = "Gwen.Renderer.OpenTK", "..\lib\Gwen.Renderer.OpenTK\Gwen.Renderer.OpenTK.csproj", "{41650C82-D630-4E5C-845A-F1513C8FDC99}"
EndProject
Project("{2150E333-8FDC-42A3-9474-1A3956D46DE8}") = "lib", "lib", "{F8168EE7-D966-486D-81AA-EAE456DC0036}"
EndProject
Project("{FAE04EC0-301F-11D3-BF4B-00C04F79EFBC}") = "QuickFont", "..\lib\QuickFont\QuickFont.csproj", "{BBECE6FC-EF63-40F8-A734-A500D1DFC1AF}"
EndProject
Global
	GlobalSection(SolutionConfigurationPlatforms) = preSolution
		Debug|Any CPU = Debug|Any CPU
		Debug|x86 = Debug|x86
		Release|Any CPU = Release|Any CPU
		Release|x86 = Release|x86
	EndGlobalSection
	GlobalSection(ProjectConfigurationPlatforms) = postSolution
		{AB45D1B5-B29D-4792-9CA8-C7C11E33A447}.Debug|Any CPU.ActiveCfg = Debug|Any CPU
		{AB45D1B5-B29D-4792-9CA8-C7C11E33A447}.Debug|Any CPU.Build.0 = Debug|Any CPU
		{AB45D1B5-B29D-4792-9CA8-C7C11E33A447}.Debug|x86.ActiveCfg = Debug|Any CPU
		{AB45D1B5-B29D-4792-9CA8-C7C11E33A447}.Debug|x86.Build.0 = Debug|Any CPU
		{AB45D1B5-B29D-4792-9CA8-C7C11E33A447}.Release|Any CPU.ActiveCfg = Release|Any CPU
		{AB45D1B5-B29D-4792-9CA8-C7C11E33A447}.Release|Any CPU.Build.0 = Release|Any CPU
		{AB45D1B5-B29D-4792-9CA8-C7C11E33A447}.Release|x86.ActiveCfg = Release|Any CPU
		{ADDA2F43-96C0-497F-8216-29C67ABC9806}.Debug|Any CPU.ActiveCfg = Debug|Any CPU
		{ADDA2F43-96C0-497F-8216-29C67ABC9806}.Debug|Any CPU.Build.0 = Debug|Any CPU
		{ADDA2F43-96C0-497F-8216-29C67ABC9806}.Debug|x86.ActiveCfg = Debug|Any CPU
		{ADDA2F43-96C0-497F-8216-29C67ABC9806}.Debug|x86.Build.0 = Debug|Any CPU
		{ADDA2F43-96C0-497F-8216-29C67ABC9806}.Release|Any CPU.ActiveCfg = Debug|Any CPU
		{ADDA2F43-96C0-497F-8216-29C67ABC9806}.Release|Any CPU.Build.0 = Debug|Any CPU
		{ADDA2F43-96C0-497F-8216-29C67ABC9806}.Release|x86.ActiveCfg = Debug|Any CPU
		{ADDA2F43-96C0-497F-8216-29C67ABC9806}.Release|x86.Build.0 = Debug|Any CPU
		{41650C82-D630-4E5C-845A-F1513C8FDC99}.Debug|Any CPU.ActiveCfg = Debug|Any CPU
		{41650C82-D630-4E5C-845A-F1513C8FDC99}.Debug|Any CPU.Build.0 = Debug|Any CPU
		{41650C82-D630-4E5C-845A-F1513C8FDC99}.Debug|x86.ActiveCfg = Debug|Any CPU
		{41650C82-D630-4E5C-845A-F1513C8FDC99}.Debug|x86.Build.0 = Debug|Any CPU
		{41650C82-D630-4E5C-845A-F1513C8FDC99}.Release|Any CPU.ActiveCfg = Debug|Any CPU
		{41650C82-D630-4E5C-845A-F1513C8FDC99}.Release|Any CPU.Build.0 = Debug|Any CPU
		{41650C82-D630-4E5C-845A-F1513C8FDC99}.Release|x86.ActiveCfg = Debug|Any CPU
		{41650C82-D630-4E5C-845A-F1513C8FDC99}.Release|x86.Build.0 = Debug|Any CPU
		{BBECE6FC-EF63-40F8-A734-A500D1DFC1AF}.Debug|Any CPU.ActiveCfg = Debug|Any CPU
		{BBECE6FC-EF63-40F8-A734-A500D1DFC1AF}.Debug|Any CPU.Build.0 = Debug|Any CPU
		{BBECE6FC-EF63-40F8-A734-A500D1DFC1AF}.Debug|x86.ActiveCfg = Debug|Any CPU
		{BBECE6FC-EF63-40F8-A734-A500D1DFC1AF}.Debug|x86.Build.0 = Debug|Any CPU
		{BBECE6FC-EF63-40F8-A734-A500D1DFC1AF}.Release|Any CPU.ActiveCfg = Debug|Any CPU
		{BBECE6FC-EF63-40F8-A734-A500D1DFC1AF}.Release|Any CPU.Build.0 = Debug|Any CPU
		{BBECE6FC-EF63-40F8-A734-A500D1DFC1AF}.Release|x86.ActiveCfg = Debug|Any CPU
		{BBECE6FC-EF63-40F8-A734-A500D1DFC1AF}.Release|x86.Build.0 = Debug|Any CPU
	EndGlobalSection
	GlobalSection(SolutionProperties) = preSolution
		HideSolutionNode = FALSE
	EndGlobalSection
	GlobalSection(NestedProjects) = preSolution
		{ADDA2F43-96C0-497F-8216-29C67ABC9806} = {F8168EE7-D966-486D-81AA-EAE456DC0036}
		{41650C82-D630-4E5C-845A-F1513C8FDC99} = {F8168EE7-D966-486D-81AA-EAE456DC0036}
		{BBECE6FC-EF63-40F8-A734-A500D1DFC1AF} = {F8168EE7-D966-486D-81AA-EAE456DC0036}
	EndGlobalSection
	GlobalSection(ExtensibilityGlobals) = postSolution
		SolutionGuid = {3F319031-F283-4377-B94D-202113DCE1FC}
	EndGlobalSection
	GlobalSection(MonoDevelopProperties) = preSolution
		Policies = $0
		$0.DotNetNamingPolicy = $1
		$1.DirectoryNamespaceAssociation = PrefixedHierarchical
		$0.StandardHeader = $2
		$0.VersionControlPolicy = $3
		version = 1.0
		outputpath = ../build
	EndGlobalSection
EndGlobal
